uuid: bdb67e4f-ccad-4350-981a-cefb5c0285ab
langcode: en
status: true
dependencies:
  config:
    - paragraphs.paragraphs_type.rich_text_block
  module:
    - content_translation
third_party_settings:
  content_translation:
    enabled: true
    bundle_settings:
      untranslatable_fields_hide: '0'
id: paragraph.rich_text_block
target_entity_type_id: paragraph
target_bundle: rich_text_block
default_langcode: vi
language_alterable: true
