uuid: d548d5ab-4be7-4167-aacd-622652f3ff98
langcode: en
status: true
dependencies:
  config:
    - paragraphs.paragraphs_type.image_block
  module:
    - content_translation
third_party_settings:
  content_translation:
    enabled: true
    bundle_settings:
      untranslatable_fields_hide: '0'
id: paragraph.image_block
target_entity_type_id: paragraph
target_bundle: image_block
default_langcode: vi
language_alterable: true
